
Microsoft Visual Studio Solution File, Format Version 12.00
# Visual Studio 15
VisualStudioVersion = 15.0.28307.902
MinimumVisualStudioVersion = 10.0.40219.1
Project("{FAE04EC0-301F-11D3-BF4B-00C04F79EFBC}") = "sampleApp", "sampleApp\sampleApp.csproj", "{B9C04950-09DA-40A5-9E4E-1CC336D21872}"
EndProject
Global
	GlobalSection(SolutionConfigurationPlatforms) = preSolution
		Debug|Any CPU = Debug|Any CPU
		Release|Any CPU = Release|Any CPU
	EndGlobalSection
	GlobalSection(ProjectConfigurationPlatforms) = postSolution
		{B9C04950-09DA-40A5-9E4E-1CC336D21872}.Debug|Any CPU.ActiveCfg = Debug|Any CPU
		{B9C04950-09DA-40A5-9E4E-1CC336D21872}.Debug|Any CPU.Build.0 = Debug|Any CPU
		{B9C04950-09DA-40A5-9E4E-1CC336D21872}.Release|Any CPU.ActiveCfg = Release|Any CPU
		{B9C04950-09DA-40A5-9E4E-1CC336D21872}.Release|Any CPU.Build.0 = Release|Any CPU
	EndGlobalSection
	GlobalSection(SolutionProperties) = preSolution
		HideSolutionNode = FALSE
	EndGlobalSection
	GlobalSection(ExtensibilityGlobals) = postSolution
		SolutionGuid = {F6058160-A538-4EB6-A663-148F8E360752}
	EndGlobalSection
EndGlobal
